
Microsoft Visual Studio Solution File, Format Version 12.00
# Visual Studio Version 17
VisualStudioVersion = 17.14.36414.22
MinimumVisualStudioVersion = 10.0.40219.1
Project("{FAE04EC0-301F-11D3-BF4B-00C04F79EFBC}") = "RARPEditor", "RARPEditor.csproj", "{01A2B338-88A5-4BB7-A80E-C5D26211B8EB}"
EndProject
Global
	GlobalSection(SolutionConfigurationPlatforms) = preSolution
		Debug|Any CPU = Debug|Any CPU
		Release|Any CPU = Release|Any CPU
	EndGlobalSection
	GlobalSection(ProjectConfigurationPlatforms) = postSolution
		{01A2B338-88A5-4BB7-A80E-C5D26211B8EB}.Debug|Any CPU.ActiveCfg = Debug|Any CPU
		{01A2B338-88A5-4BB7-A80E-C5D26211B8EB}.Debug|Any CPU.Build.0 = Debug|Any CPU
		{01A2B338-88A5-4BB7-A80E-C5D26211B8EB}.Release|Any CPU.ActiveCfg = Release|Any CPU
		{01A2B338-88A5-4BB7-A80E-C5D26211B8EB}.Release|Any CPU.Build.0 = Release|Any CPU
	EndGlobalSection
	GlobalSection(SolutionProperties) = preSolution
		HideSolutionNode = FALSE
	EndGlobalSection
	GlobalSection(ExtensibilityGlobals) = postSolution
		SolutionGuid = {48B0E080-93F6-4FD1-B511-7EBDDBF08A52}
	EndGlobalSection
EndGlobal
